
Microsoft Visual Studio Solution File, Format Version 12.00
# Visual Studio Version 16
VisualStudioVersion = 16.0.30611.23
MinimumVisualStudioVersion = 10.0.40219.1
Project("{FAE04EC0-301F-11D3-BF4B-00C04F79EFBC}") = "WPFStart", "WPFStart.csproj", "{A946F1E7-632C-451F-A17F-F8A4A3219036}"
EndProject
Global
	GlobalSection(SolutionConfigurationPlatforms) = preSolution
		Debug|Any CPU = Debug|Any CPU
		Release|Any CPU = Release|Any CPU
	EndGlobalSection
	GlobalSection(ProjectConfigurationPlatforms) = postSolution
		{A946F1E7-632C-451F-A17F-F8A4A3219036}.Debug|Any CPU.ActiveCfg = Debug|Any CPU
		{A946F1E7-632C-451F-A17F-F8A4A3219036}.Debug|Any CPU.Build.0 = Debug|Any CPU
		{A946F1E7-632C-451F-A17F-F8A4A3219036}.Release|Any CPU.ActiveCfg = Release|Any CPU
		{A946F1E7-632C-451F-A17F-F8A4A3219036}.Release|Any CPU.Build.0 = Release|Any CPU
	EndGlobalSection
	GlobalSection(SolutionProperties) = preSolution
		HideSolutionNode = FALSE
	EndGlobalSection
	GlobalSection(ExtensibilityGlobals) = postSolution
		SolutionGuid = {A05DA06C-9515-4731-9251-9A0DEB5EA856}
	EndGlobalSection
EndGlobal
